// !$*UTF8*$!
{
	archiveVersion = 1;
	classes = {
	};
	objectVersion = 46;
	objects = {

/* Begin PBXBuildFile section */
		62830C4A1ABE6DF500350F46 /* PhotoViewController.m in Sources */ = {isa = PBXBuildFile; fileRef = 62830C491ABE6DF500350F46 /* PhotoViewController.m */; };
		62830C601ABE700100350F46 /* 0.png in Resources */ = {isa = PBXBuildFile; fileRef = 62830C4D1ABE700100350F46 /* 0.png */; };
		62830C611ABE700100350F46 /* 1.png in Resources */ = {isa = PBXBuildFile; fileRef = 62830C4E1ABE700100350F46 /* 1.png */; };
		62830C621ABE700100350F46 /* 10.png in Resources */ = {isa = PBXBuildFile; fileRef = 62830C4F1ABE700100350F46 /* 10.png */; };
		62830C631ABE700100350F46 /* 11.png in Resources */ = {isa = PBXBuildFile; fileRef = 62830C501ABE700100350F46 /* 11.png */; };
		62830C641ABE700100350F46 /* 12.png in Resources */ = {isa = PBXBuildFile; fileRef = 62830C511ABE700100350F46 /* 12.png */; };
		62830C651ABE700100350F46 /* 13.png in Resources */ = {isa = PBXBuildFile; fileRef = 62830C521ABE700100350F46 /* 13.png */; };
		62830C661ABE700100350F46 /* 14.png in Resources */ = {isa = PBXBuildFile; fileRef = 62830C531ABE700100350F46 /* 14.png */; };
		62830C671ABE700100350F46 /* 2.png in Resources */ = {isa = PBXBuildFile; fileRef = 62830C541ABE700100350F46 /* 2.png */; };
		62830C681ABE700100350F46 /* 3.png in Resources */ = {isa = PBXBuildFile; fileRef = 62830C551ABE700100350F46 /* 3.png */; };
		62830C691ABE700100350F46 /* 4.png in Resources */ = {isa = PBXBuildFile; fileRef = 62830C561ABE700100350F46 /* 4.png */; };
		62830C6A1ABE700100350F46 /* 5.png in Resources */ = {isa = PBXBuildFile; fileRef = 62830C571ABE700100350F46 /* 5.png */; };
		62830C6B1ABE700100350F46 /* 6.png in Resources */ = {isa = PBXBuildFile; fileRef = 62830C581ABE700100350F46 /* 6.png */; };
		62830C6C1ABE700100350F46 /* 7.png in Resources */ = {isa = PBXBuildFile; fileRef = 62830C591ABE700100350F46 /* 7.png */; };
		62830C6D1ABE700100350F46 /* 8.png in Resources */ = {isa = PBXBuildFile; fileRef = 62830C5A1ABE700100350F46 /* 8.png */; };
		62830C6E1ABE700100350F46 /* 9.png in Resources */ = {isa = PBXBuildFile; fileRef = 62830C5B1ABE700100350F46 /* 9.png */; };
		62830C6F1ABE700100350F46 /* avatar.png in Resources */ = {isa = PBXBuildFile; fileRef = 62830C5C1ABE700100350F46 /* avatar.png */; };
		62830C701ABE700100350F46 /* tab_favorites.png in Resources */ = {isa = PBXBuildFile; fileRef = 62830C5D1ABE700100350F46 /* tab_favorites.png */; };
		62830C711ABE700100350F46 /* tab_feed.png in Resources */ = {isa = PBXBuildFile; fileRef = 62830C5E1ABE700100350F46 /* tab_feed.png */; };
		62830C721ABE700100350F46 /* tab_profile.png in Resources */ = {isa = PBXBuildFile; fileRef = 62830C5F1ABE700100350F46 /* tab_profile.png */; };
		62A2E9F31ABBC96800A9804F /* main.m in Sources */ = {isa = PBXBuildFile; fileRef = 62A2E9F21ABBC96800A9804F /* main.m */; };
		62A2E9F61ABBC96800A9804F /* AppDelegate.m in Sources */ = {isa = PBXBuildFile; fileRef = 62A2E9F51ABBC96800A9804F /* AppDelegate.m */; };
		62A2E9F91ABBC96800A9804F /* ViewController.m in Sources */ = {isa = PBXBuildFile; fileRef = 62A2E9F81ABBC96800A9804F /* ViewController.m */; };
		62A2E9FC1ABBC96800A9804F /* Main.storyboard in Resources */ = {isa = PBXBuildFile; fileRef = 62A2E9FA1ABBC96800A9804F /* Main.storyboard */; };
		62A2E9FE1ABBC96800A9804F /* Images.xcassets in Resources */ = {isa = PBXBuildFile; fileRef = 62A2E9FD1ABBC96800A9804F /* Images.xcassets */; };
		62A2EA011ABBC96800A9804F /* LaunchScreen.xib in Resources */ = {isa = PBXBuildFile; fileRef = 62A2E9FF1ABBC96800A9804F /* LaunchScreen.xib */; };
		62A2EA0D1ABBC96800A9804F /* InstaPhotoTests.m in Sources */ = {isa = PBXBuildFile; fileRef = 62A2EA0C1ABBC96800A9804F /* InstaPhotoTests.m */; };
		62A2EA1C1ABBEC4800A9804F /* ProfileViewController.m in Sources */ = {isa = PBXBuildFile; fileRef = 62A2EA1B1ABBEC4800A9804F /* ProfileViewController.m */; };
		62A2EA251ABC021F00A9804F /* FeedViewController.m in Sources */ = {isa = PBXBuildFile; fileRef = 62A2EA241ABC021F00A9804F /* FeedViewController.m */; };
		62A2EA281ABC029D00A9804F /* FavoritesViewController.m in Sources */ = {isa = PBXBuildFile; fileRef = 62A2EA271ABC029D00A9804F /* FavoritesViewController.m */; };
		62D3A4C51ABFAABF00946DDD /* AFHTTPRequestOperation.m in Sources */ = {isa = PBXBuildFile; fileRef = 62D3A4B31ABFAABF00946DDD /* AFHTTPRequestOperation.m */; };
		62D3A4C61ABFAABF00946DDD /* AFHTTPRequestOperationManager.m in Sources */ = {isa = PBXBuildFile; fileRef = 62D3A4B51ABFAABF00946DDD /* AFHTTPRequestOperationManager.m */; };
		62D3A4C71ABFAABF00946DDD /* AFHTTPSessionManager.m in Sources */ = {isa = PBXBuildFile; fileRef = 62D3A4B71ABFAABF00946DDD /* AFHTTPSessionManager.m */; };
		62D3A4C81ABFAABF00946DDD /* AFNetworkReachabilityManager.m in Sources */ = {isa = PBXBuildFile; fileRef = 62D3A4BA1ABFAABF00946DDD /* AFNetworkReachabilityManager.m */; };
		62D3A4C91ABFAABF00946DDD /* AFSecurityPolicy.m in Sources */ = {isa = PBXBuildFile; fileRef = 62D3A4BC1ABFAABF00946DDD /* AFSecurityPolicy.m */; };
		62D3A4CA1ABFAABF00946DDD /* AFURLConnectionOperation.m in Sources */ = {isa = PBXBuildFile; fileRef = 62D3A4BE1ABFAABF00946DDD /* AFURLConnectionOperation.m */; };
		62D3A4CB1ABFAABF00946DDD /* AFURLRequestSerialization.m in Sources */ = {isa = PBXBuildFile; fileRef = 62D3A4C01ABFAABF00946DDD /* AFURLRequestSerialization.m */; };
		62D3A4CC1ABFAABF00946DDD /* AFURLResponseSerialization.m in Sources */ = {isa = PBXBuildFile; fileRef = 62D3A4C21ABFAABF00946DDD /* AFURLResponseSerialization.m */; };
		62D3A4CD1ABFAABF00946DDD /* AFURLSessionManager.m in Sources */ = {isa = PBXBuildFile; fileRef = 62D3A4C41ABFAABF00946DDD /* AFURLSessionManager.m */; };
		62D3A4E01ABFB2AD00946DDD /* AFNetworkActivityIndicatorManager.m in Sources */ = {isa = PBXBuildFile; fileRef = 62D3A4D01ABFB2AD00946DDD /* AFNetworkActivityIndicatorManager.m */; };
		62D3A4E11ABFB2AD00946DDD /* UIActivityIndicatorView+AFNetworking.m in Sources */ = {isa = PBXBuildFile; fileRef = 62D3A4D21ABFB2AD00946DDD /* UIActivityIndicatorView+AFNetworking.m */; };
		62D3A4E21ABFB2AD00946DDD /* UIAlertView+AFNetworking.m in Sources */ = {isa = PBXBuildFile; fileRef = 62D3A4D41ABFB2AD00946DDD /* UIAlertView+AFNetworking.m */; };
		62D3A4E31ABFB2AD00946DDD /* UIButton+AFNetworking.m in Sources */ = {isa = PBXBuildFile; fileRef = 62D3A4D61ABFB2AD00946DDD /* UIButton+AFNetworking.m */; };
		62D3A4E41ABFB2AD00946DDD /* UIImageView+AFNetworking.m in Sources */ = {isa = PBXBuildFile; fileRef = 62D3A4D81ABFB2AD00946DDD /* UIImageView+AFNetworking.m */; };
		62D3A4E51ABFB2AD00946DDD /* UIProgressView+AFNetworking.m in Sources */ = {isa = PBXBuildFile; fileRef = 62D3A4DB1ABFB2AD00946DDD /* UIProgressView+AFNetworking.m */; };
		62D3A4E61ABFB2AD00946DDD /* UIRefreshControl+AFNetworking.m in Sources */ = {isa = PBXBuildFile; fileRef = 62D3A4DD1ABFB2AD00946DDD /* UIRefreshControl+AFNetworking.m */; };
		62D3A4E71ABFB2AD00946DDD /* UIWebView+AFNetworking.m in Sources */ = {isa = PBXBuildFile; fileRef = 62D3A4DF1ABFB2AD00946DDD /* UIWebView+AFNetworking.m */; };
		62D3A4EB1AC002F200946DDD /* Photo.m in Sources */ = {isa = PBXBuildFile; fileRef = 62D3A4EA1AC002F200946DDD /* Photo.m */; };
		62D3A4EE1AC03A1600946DDD /* Profile.m in Sources */ = {isa = PBXBuildFile; fileRef = 62D3A4ED1AC03A1600946DDD /* Profile.m */; };
		62D505D81AC0F7B700402FFD /* City.m in Sources */ = {isa = PBXBuildFile; fileRef = 62D505D71AC0F7B700402FFD /* City.m */; };
		62D505DB1AC0FB3D00402FFD /* CityViewController.m in Sources */ = {isa = PBXBuildFile; fileRef = 62D505DA1AC0FB3D00402FFD /* CityViewController.m */; };
		62D505DE1AC1049600402FFD /* EditNoteViewController.m in Sources */ = {isa = PBXBuildFile; fileRef = 62D505DD1AC1049600402FFD /* EditNoteViewController.m */; };
		62F562231ABE5A5A00DE63AC /* FeedTableViewController.m in Sources */ = {isa = PBXBuildFile; fileRef = 62F562221ABE5A5A00DE63AC /* FeedTableViewController.m */; };
/* End PBXBuildFile section */

/* Begin PBXContainerItemProxy section */
		62A2EA071ABBC96800A9804F /* PBXContainerItemProxy */ = {
			isa = PBXContainerItemProxy;
			containerPortal = 62A2E9E51ABBC96800A9804F /* Project object */;
			proxyType = 1;
			remoteGlobalIDString = 62A2E9EC1ABBC96800A9804F;
			remoteInfo = InstaPhoto;
		};
/* End PBXContainerItemProxy section */

/* Begin PBXFileReference section */
		62830C481ABE6DF500350F46 /* PhotoViewController.h */ = {isa = PBXFileReference; fileEncoding = 4; lastKnownFileType = sourcecode.c.h; path = PhotoViewController.h; sourceTree = "<group>"; };
		62830C491ABE6DF500350F46 /* PhotoViewController.m */ = {isa = PBXFileReference; fileEncoding = 4; lastKnownFileType = sourcecode.c.objc; path = PhotoViewController.m; sourceTree = "<group>"; };
		62830C4D1ABE700100350F46 /* 0.png */ = {isa = PBXFileReference; lastKnownFileType = image.png; path = 0.png; sourceTree = "<group>"; };
		62830C4E1ABE700100350F46 /* 1.png */ = {isa = PBXFileReference; lastKnownFileType = image.png; path = 1.png; sourceTree = "<group>"; };
		62830C4F1ABE700100350F46 /* 10.png */ = {isa = PBXFileReference; lastKnownFileType = image.png; path = 10.png; sourceTree = "<group>"; };
		62830C501ABE700100350F46 /* 11.png */ = {isa = PBXFileReference; lastKnownFileType = image.png; path = 11.png; sourceTree = "<group>"; };
		62830C511ABE700100350F46 /* 12.png */ = {isa = PBXFileReference; lastKnownFileType = image.png; path = 12.png; sourceTree = "<group>"; };
		62830C521ABE700100350F46 /* 13.png */ = {isa = PBXFileReference; lastKnownFileType = image.png; path = 13.png; sourceTree = "<group>"; };
		62830C531ABE700100350F46 /* 14.png */ = {isa = PBXFileReference; lastKnownFileType = image.png; path = 14.png; sourceTree = "<group>"; };
		62830C541ABE700100350F46 /* 2.png */ = {isa = PBXFileReference; lastKnownFileType = image.png; path = 2.png; sourceTree = "<group>"; };
		62830C551ABE700100350F46 /* 3.png */ = {isa = PBXFileReference; lastKnownFileType = image.png; path = 3.png; sourceTree = "<group>"; };
		62830C561ABE700100350F46 /* 4.png */ = {isa = PBXFileReference; lastKnownFileType = image.png; path = 4.png; sourceTree = "<group>"; };
		62830C571ABE700100350F46 /* 5.png */ = {isa = PBXFileReference; lastKnownFileType = image.png; path = 5.png; sourceTree = "<group>"; };
		62830C581ABE700100350F46 /* 6.png */ = {isa = PBXFileReference; lastKnownFileType = image.png; path = 6.png; sourceTree = "<group>"; };
		62830C591ABE700100350F46 /* 7.png */ = {isa = PBXFileReference; lastKnownFileType = image.png; path = 7.png; sourceTree = "<group>"; };
		62830C5A1ABE700100350F46 /* 8.png */ = {isa = PBXFileReference; lastKnownFileType = image.png; path = 8.png; sourceTree = "<group>"; };
		62830C5B1ABE700100350F46 /* 9.png */ = {isa = PBXFileReference; lastKnownFileType = image.png; path = 9.png; sourceTree = "<group>"; };
		62830C5C1ABE700100350F46 /* avatar.png */ = {isa = PBXFileReference; lastKnownFileType = image.png; path = avatar.png; sourceTree = "<group>"; };
		62830C5D1ABE700100350F46 /* tab_favorites.png */ = {isa = PBXFileReference; lastKnownFileType = image.png; path = tab_favorites.png; sourceTree = "<group>"; };
		62830C5E1ABE700100350F46 /* tab_feed.png */ = {isa = PBXFileReference; lastKnownFileType = image.png; path = tab_feed.png; sourceTree = "<group>"; };
		62830C5F1ABE700100350F46 /* tab_profile.png */ = {isa = PBXFileReference; lastKnownFileType = image.png; path = tab_profile.png; sourceTree = "<group>"; };
		62A2E9ED1ABBC96800A9804F /* InstaPhoto.app */ = {isa = PBXFileReference; explicitFileType = wrapper.application; includeInIndex = 0; path = InstaPhoto.app; sourceTree = BUILT_PRODUCTS_DIR; };
		62A2E9F11ABBC96800A9804F /* Info.plist */ = {isa = PBXFileReference; lastKnownFileType = text.plist.xml; path = Info.plist; sourceTree = "<group>"; };
		62A2E9F21ABBC96800A9804F /* main.m */ = {isa = PBXFileReference; lastKnownFileType = sourcecode.c.objc; path = main.m; sourceTree = "<group>"; };
		62A2E9F41ABBC96800A9804F /* AppDelegate.h */ = {isa = PBXFileReference; lastKnownFileType = sourcecode.c.h; path = AppDelegate.h; sourceTree = "<group>"; };
		62A2E9F51ABBC96800A9804F /* AppDelegate.m */ = {isa = PBXFileReference; lastKnownFileType = sourcecode.c.objc; path = AppDelegate.m; sourceTree = "<group>"; };
		62A2E9F71ABBC96800A9804F /* ViewController.h */ = {isa = PBXFileReference; lastKnownFileType = sourcecode.c.h; path = ViewController.h; sourceTree = "<group>"; };
		62A2E9F81ABBC96800A9804F /* ViewController.m */ = {isa = PBXFileReference; lastKnownFileType = sourcecode.c.objc; path = ViewController.m; sourceTree = "<group>"; };
		62A2E9FB1ABBC96800A9804F /* Base */ = {isa = PBXFileReference; lastKnownFileType = file.storyboard; name = Base; path = Base.lproj/Main.storyboard; sourceTree = "<group>"; };
		62A2E9FD1ABBC96800A9804F /* Images.xcassets */ = {isa = PBXFileReference; lastKnownFileType = folder.assetcatalog; path = Images.xcassets; sourceTree = "<group>"; };
		62A2EA001ABBC96800A9804F /* Base */ = {isa = PBXFileReference; lastKnownFileType = file.xib; name = Base; path = Base.lproj/LaunchScreen.xib; sourceTree = "<group>"; };
		62A2EA061ABBC96800A9804F /* InstaPhotoTests.xctest */ = {isa = PBXFileReference; explicitFileType = wrapper.cfbundle; includeInIndex = 0; path = InstaPhotoTests.xctest; sourceTree = BUILT_PRODUCTS_DIR; };
		62A2EA0B1ABBC96800A9804F /* Info.plist */ = {isa = PBXFileReference; lastKnownFileType = text.plist.xml; path = Info.plist; sourceTree = "<group>"; };
		62A2EA0C1ABBC96800A9804F /* InstaPhotoTests.m */ = {isa = PBXFileReference; lastKnownFileType = sourcecode.c.objc; path = InstaPhotoTests.m; sourceTree = "<group>"; };
		62A2EA1A1ABBEC4800A9804F /* ProfileViewController.h */ = {isa = PBXFileReference; fileEncoding = 4; lastKnownFileType = sourcecode.c.h; path = ProfileViewController.h; sourceTree = "<group>"; };
		62A2EA1B1ABBEC4800A9804F /* ProfileViewController.m */ = {isa = PBXFileReference; fileEncoding = 4; lastKnownFileType = sourcecode.c.objc; path = ProfileViewController.m; sourceTree = "<group>"; };
		62A2EA231ABC021F00A9804F /* FeedViewController.h */ = {isa = PBXFileReference; fileEncoding = 4; lastKnownFileType = sourcecode.c.h; path = FeedViewController.h; sourceTree = "<group>"; };
		62A2EA241ABC021F00A9804F /* FeedViewController.m */ = {isa = PBXFileReference; fileEncoding = 4; lastKnownFileType = sourcecode.c.objc; path = FeedViewController.m; sourceTree = "<group>"; };
		62A2EA261ABC029D00A9804F /* FavoritesViewController.h */ = {isa = PBXFileReference; fileEncoding = 4; lastKnownFileType = sourcecode.c.h; path = FavoritesViewController.h; sourceTree = "<group>"; };
		62A2EA271ABC029D00A9804F /* FavoritesViewController.m */ = {isa = PBXFileReference; fileEncoding = 4; lastKnownFileType = sourcecode.c.objc; path = FavoritesViewController.m; sourceTree = "<group>"; };
		62D3A4B21ABFAABF00946DDD /* AFHTTPRequestOperation.h */ = {isa = PBXFileReference; fileEncoding = 4; lastKnownFileType = sourcecode.c.h; path = AFHTTPRequestOperation.h; sourceTree = "<group>"; };
		62D3A4B31ABFAABF00946DDD /* AFHTTPRequestOperation.m */ = {isa = PBXFileReference; fileEncoding = 4; lastKnownFileType = sourcecode.c.objc; path = AFHTTPRequestOperation.m; sourceTree = "<group>"; };
		62D3A4B41ABFAABF00946DDD /* AFHTTPRequestOperationManager.h */ = {isa = PBXFileReference; fileEncoding = 4; lastKnownFileType = sourcecode.c.h; path = AFHTTPRequestOperationManager.h; sourceTree = "<group>"; };
		62D3A4B51ABFAABF00946DDD /* AFHTTPRequestOperationManager.m */ = {isa = PBXFileReference; fileEncoding = 4; lastKnownFileType = sourcecode.c.objc; path = AFHTTPRequestOperationManager.m; sourceTree = "<group>"; };
		62D3A4B61ABFAABF00946DDD /* AFHTTPSessionManager.h */ = {isa = PBXFileReference; fileEncoding = 4; lastKnownFileType = sourcecode.c.h; path = AFHTTPSessionManager.h; sourceTree = "<group>"; };
		62D3A4B71ABFAABF00946DDD /* AFHTTPSessionManager.m */ = {isa = PBXFileReference; fileEncoding = 4; lastKnownFileType = sourcecode.c.objc; path = AFHTTPSessionManager.m; sourceTree = "<group>"; };
		62D3A4B81ABFAABF00946DDD /* AFNetworking.h */ = {isa = PBXFileReference; fileEncoding = 4; lastKnownFileType = sourcecode.c.h; path = AFNetworking.h; sourceTree = "<group>"; };
		62D3A4B91ABFAABF00946DDD /* AFNetworkReachabilityManager.h */ = {isa = PBXFileReference; fileEncoding = 4; lastKnownFileType = sourcecode.c.h; path = AFNetworkReachabilityManager.h; sourceTree = "<group>"; };
		62D3A4BA1ABFAABF00946DDD /* AFNetworkReachabilityManager.m */ = {isa = PBXFileReference; fileEncoding = 4; lastKnownFileType = sourcecode.c.objc; path = AFNetworkReachabilityManager.m; sourceTree = "<group>"; };
		62D3A4BB1ABFAABF00946DDD /* AFSecurityPolicy.h */ = {isa = PBXFileReference; fileEncoding = 4; lastKnownFileType = sourcecode.c.h; path = AFSecurityPolicy.h; sourceTree = "<group>"; };
		62D3A4BC1ABFAABF00946DDD /* AFSecurityPolicy.m */ = {isa = PBXFileReference; fileEncoding = 4; lastKnownFileType = sourcecode.c.objc; path = AFSecurityPolicy.m; sourceTree = "<group>"; };
		62D3A4BD1ABFAABF00946DDD /* AFURLConnectionOperation.h */ = {isa = PBXFileReference; fileEncoding = 4; lastKnownFileType = sourcecode.c.h; path = AFURLConnectionOperation.h; sourceTree = "<group>"; };
		62D3A4BE1ABFAABF00946DDD /* AFURLConnectionOperation.m */ = {isa = PBXFileReference; fileEncoding = 4; lastKnownFileType = sourcecode.c.objc; path = AFURLConnectionOperation.m; sourceTree = "<group>"; };
		62D3A4BF1ABFAABF00946DDD /* AFURLRequestSerialization.h */ = {isa = PBXFileReference; fileEncoding = 4; lastKnownFileType = sourcecode.c.h; path = AFURLRequestSerialization.h; sourceTree = "<group>"; };
		62D3A4C01ABFAABF00946DDD /* AFURLRequestSerialization.m */ = {isa = PBXFileReference; fileEncoding = 4; lastKnownFileType = sourcecode.c.objc; path = AFURLRequestSerialization.m; sourceTree = "<group>"; };
		62D3A4C11ABFAABF00946DDD /* AFURLResponseSerialization.h */ = {isa = PBXFileReference; fileEncoding = 4; lastKnownFileType = sourcecode.c.h; path = AFURLResponseSerialization.h; sourceTree = "<group>"; };
		62D3A4C21ABFAABF00946DDD /* AFURLResponseSerialization.m */ = {isa = PBXFileReference; fileEncoding = 4; lastKnownFileType = sourcecode.c.objc; path = AFURLResponseSerialization.m; sourceTree = "<group>"; };
		62D3A4C31ABFAABF00946DDD /* AFURLSessionManager.h */ = {isa = PBXFileReference; fileEncoding = 4; lastKnownFileType = sourcecode.c.h; path = AFURLSessionManager.h; sourceTree = "<group>"; };
		62D3A4C41ABFAABF00946DDD /* AFURLSessionManager.m */ = {isa = PBXFileReference; fileEncoding = 4; lastKnownFileType = sourcecode.c.objc; path = AFURLSessionManager.m; sourceTree = "<group>"; };
		62D3A4CF1ABFB2AD00946DDD /* AFNetworkActivityIndicatorManager.h */ = {isa = PBXFileReference; fileEncoding = 4; lastKnownFileType = sourcecode.c.h; path = AFNetworkActivityIndicatorManager.h; sourceTree = "<group>"; };
		62D3A4D01ABFB2AD00946DDD /* AFNetworkActivityIndicatorManager.m */ = {isa = PBXFileReference; fileEncoding = 4; lastKnownFileType = sourcecode.c.objc; path = AFNetworkActivityIndicatorManager.m; sourceTree = "<group>"; };
		62D3A4D11ABFB2AD00946DDD /* UIActivityIndicatorView+AFNetworking.h */ = {isa = PBXFileReference; fileEncoding = 4; lastKnownFileType = sourcecode.c.h; path = "UIActivityIndicatorView+AFNetworking.h"; sourceTree = "<group>"; };
		62D3A4D21ABFB2AD00946DDD /* UIActivityIndicatorView+AFNetworking.m */ = {isa = PBXFileReference; fileEncoding = 4; lastKnownFileType = sourcecode.c.objc; path = "UIActivityIndicatorView+AFNetworking.m"; sourceTree = "<group>"; };
		62D3A4D31ABFB2AD00946DDD /* UIAlertView+AFNetworking.h */ = {isa = PBXFileReference; fileEncoding = 4; lastKnownFileType = sourcecode.c.h; path = "UIAlertView+AFNetworking.h"; sourceTree = "<group>"; };
		62D3A4D41ABFB2AD00946DDD /* UIAlertView+AFNetworking.m */ = {isa = PBXFileReference; fileEncoding = 4; lastKnownFileType = sourcecode.c.objc; path = "UIAlertView+AFNetworking.m"; sourceTree = "<group>"; };
		62D3A4D51ABFB2AD00946DDD /* UIButton+AFNetworking.h */ = {isa = PBXFileReference; fileEncoding = 4; lastKnownFileType = sourcecode.c.h; path = "UIButton+AFNetworking.h"; sourceTree = "<group>"; };
		62D3A4D61ABFB2AD00946DDD /* UIButton+AFNetworking.m */ = {isa = PBXFileReference; fileEncoding = 4; lastKnownFileType = sourcecode.c.objc; path = "UIButton+AFNetworking.m"; sourceTree = "<group>"; };
		62D3A4D71ABFB2AD00946DDD /* UIImageView+AFNetworking.h */ = {isa = PBXFileReference; fileEncoding = 4; lastKnownFileType = sourcecode.c.h; path = "UIImageView+AFNetworking.h"; sourceTree = "<group>"; };
		62D3A4D81ABFB2AD00946DDD /* UIImageView+AFNetworking.m */ = {isa = PBXFileReference; fileEncoding = 4; lastKnownFileType = sourcecode.c.objc; path = "UIImageView+AFNetworking.m"; sourceTree = "<group>"; };
		62D3A4D91ABFB2AD00946DDD /* UIKit+AFNetworking.h */ = {isa = PBXFileReference; fileEncoding = 4; lastKnownFileType = sourcecode.c.h; path = "UIKit+AFNetworking.h"; sourceTree = "<group>"; };
		62D3A4DA1ABFB2AD00946DDD /* UIProgressView+AFNetworking.h */ = {isa = PBXFileReference; fileEncoding = 4; lastKnownFileType = sourcecode.c.h; path = "UIProgressView+AFNetworking.h"; sourceTree = "<group>"; };
		62D3A4DB1ABFB2AD00946DDD /* UIProgressView+AFNetworking.m */ = {isa = PBXFileReference; fileEncoding = 4; lastKnownFileType = sourcecode.c.objc; path = "UIProgressView+AFNetworking.m"; sourceTree = "<group>"; };
		62D3A4DC1ABFB2AD00946DDD /* UIRefreshControl+AFNetworking.h */ = {isa = PBXFileReference; fileEncoding = 4; lastKnownFileType = sourcecode.c.h; path = "UIRefreshControl+AFNetworking.h"; sourceTree = "<group>"; };
		62D3A4DD1ABFB2AD00946DDD /* UIRefreshControl+AFNetworking.m */ = {isa = PBXFileReference; fileEncoding = 4; lastKnownFileType = sourcecode.c.objc; path = "UIRefreshControl+AFNetworking.m"; sourceTree = "<group>"; };
		62D3A4DE1ABFB2AD00946DDD /* UIWebView+AFNetworking.h */ = {isa = PBXFileReference; fileEncoding = 4; lastKnownFileType = sourcecode.c.h; path = "UIWebView+AFNetworking.h"; sourceTree = "<group>"; };
		62D3A4DF1ABFB2AD00946DDD /* UIWebView+AFNetworking.m */ = {isa = PBXFileReference; fileEncoding = 4; lastKnownFileType = sourcecode.c.objc; path = "UIWebView+AFNetworking.m"; sourceTree = "<group>"; };
		62D3A4E91AC002F200946DDD /* Photo.h */ = {isa = PBXFileReference; fileEncoding = 4; lastKnownFileType = sourcecode.c.h; path = Photo.h; sourceTree = "<group>"; };
		62D3A4EA1AC002F200946DDD /* Photo.m */ = {isa = PBXFileReference; fileEncoding = 4; lastKnownFileType = sourcecode.c.objc; path = Photo.m; sourceTree = "<group>"; };
		62D3A4EC1AC03A1600946DDD /* Profile.h */ = {isa = PBXFileReference; fileEncoding = 4; lastKnownFileType = sourcecode.c.h; path = Profile.h; sourceTree = "<group>"; };
		62D3A4ED1AC03A1600946DDD /* Profile.m */ = {isa = PBXFileReference; fileEncoding = 4; lastKnownFileType = sourcecode.c.objc; path = Profile.m; sourceTree = "<group>"; };
		62D505D61AC0F7B700402FFD /* City.h */ = {isa = PBXFileReference; fileEncoding = 4; lastKnownFileType = sourcecode.c.h; path = City.h; sourceTree = "<group>"; };
		62D505D71AC0F7B700402FFD /* City.m */ = {isa = PBXFileReference; fileEncoding = 4; lastKnownFileType = sourcecode.c.objc; path = City.m; sourceTree = "<group>"; };
		62D505D91AC0FB3D00402FFD /* CityViewController.h */ = {isa = PBXFileReference; fileEncoding = 4; lastKnownFileType = sourcecode.c.h; path = CityViewController.h; sourceTree = "<group>"; };
		62D505DA1AC0FB3D00402FFD /* CityViewController.m */ = {isa = PBXFileReference; fileEncoding = 4; lastKnownFileType = sourcecode.c.objc; path = CityViewController.m; sourceTree = "<group>"; };
		62D505DC1AC1049600402FFD /* EditNoteViewController.h */ = {isa = PBXFileReference; fileEncoding = 4; lastKnownFileType = sourcecode.c.h; path = EditNoteViewController.h; sourceTree = "<group>"; };
		62D505DD1AC1049600402FFD /* EditNoteViewController.m */ = {isa = PBXFileReference; fileEncoding = 4; lastKnownFileType = sourcecode.c.objc; path = EditNoteViewController.m; sourceTree = "<group>"; };
		62F562211ABE5A5A00DE63AC /* FeedTableViewController.h */ = {isa = PBXFileReference; fileEncoding = 4; lastKnownFileType = sourcecode.c.h; path = FeedTableViewController.h; sourceTree = "<group>"; };
		62F562221ABE5A5A00DE63AC /* FeedTableViewController.m */ = {isa = PBXFileReference; fileEncoding = 4; lastKnownFileType = sourcecode.c.objc; path = FeedTableViewController.m; sourceTree = "<group>"; };
/* End PBXFileReference section */

/* Begin PBXFrameworksBuildPhase section */
		62A2E9EA1ABBC96800A9804F /* Frameworks */ = {
			isa = PBXFrameworksBuildPhase;
			buildActionMask = 2147483647;
			files = (
			);
			runOnlyForDeploymentPostprocessing = 0;
		};
		62A2EA031ABBC96800A9804F /* Frameworks */ = {
			isa = PBXFrameworksBuildPhase;
			buildActionMask = 2147483647;
			files = (
			);
			runOnlyForDeploymentPostprocessing = 0;
		};
/* End PBXFrameworksBuildPhase section */

/* Begin PBXGroup section */
		62830C4B1ABE6FAC00350F46 /* Resource */ = {
			isa = PBXGroup;
			children = (
				62830C4C1ABE700100350F46 /* images */,
			);
			name = Resource;
			path = Resources;
			sourceTree = "<group>";
		};
		62830C4C1ABE700100350F46 /* images */ = {
			isa = PBXGroup;
			children = (
				62830C4D1ABE700100350F46 /* 0.png */,
				62830C4E1ABE700100350F46 /* 1.png */,
				62830C4F1ABE700100350F46 /* 10.png */,
				62830C501ABE700100350F46 /* 11.png */,
				62830C511ABE700100350F46 /* 12.png */,
				62830C521ABE700100350F46 /* 13.png */,
				62830C531ABE700100350F46 /* 14.png */,
				62830C541ABE700100350F46 /* 2.png */,
				62830C551ABE700100350F46 /* 3.png */,
				62830C561ABE700100350F46 /* 4.png */,
				62830C571ABE700100350F46 /* 5.png */,
				62830C581ABE700100350F46 /* 6.png */,
				62830C591ABE700100350F46 /* 7.png */,
				62830C5A1ABE700100350F46 /* 8.png */,
				62830C5B1ABE700100350F46 /* 9.png */,
				62830C5C1ABE700100350F46 /* avatar.png */,
				62830C5D1ABE700100350F46 /* tab_favorites.png */,
				62830C5E1ABE700100350F46 /* tab_feed.png */,
				62830C5F1ABE700100350F46 /* tab_profile.png */,
			);
			path = images;
			sourceTree = "<group>";
		};
		62A2E9E41ABBC96800A9804F = {
			isa = PBXGroup;
			children = (
				62830C4B1ABE6FAC00350F46 /* Resource */,
				62A2E9EF1ABBC96800A9804F /* InstaPhoto */,
				62A2EA091ABBC96800A9804F /* InstaPhotoTests */,
				62A2E9EE1ABBC96800A9804F /* Products */,
			);
			sourceTree = "<group>";
		};
		62A2E9EE1ABBC96800A9804F /* Products */ = {
			isa = PBXGroup;
			children = (
				62A2E9ED1ABBC96800A9804F /* InstaPhoto.app */,
				62A2EA061ABBC96800A9804F /* InstaPhotoTests.xctest */,
			);
			name = Products;
			sourceTree = "<group>";
		};
		62A2E9EF1ABBC96800A9804F /* InstaPhoto */ = {
			isa = PBXGroup;
			children = (
				62D3A4E81AC002D500946DDD /* Models */,
				62D3A4CE1ABFB2AD00946DDD /* UIKit+AFNetworking */,
				62D3A4B11ABFAABF00946DDD /* AFNetworking */,
				62A2E9F41ABBC96800A9804F /* AppDelegate.h */,
				62A2E9F51ABBC96800A9804F /* AppDelegate.m */,
				62D505D91AC0FB3D00402FFD /* CityViewController.h */,
				62D505DA1AC0FB3D00402FFD /* CityViewController.m */,
				62D505DC1AC1049600402FFD /* EditNoteViewController.h */,
				62D505DD1AC1049600402FFD /* EditNoteViewController.m */,
				62A2EA1A1ABBEC4800A9804F /* ProfileViewController.h */,
				62A2EA1B1ABBEC4800A9804F /* ProfileViewController.m */,
				62A2EA231ABC021F00A9804F /* FeedViewController.h */,
				62A2EA241ABC021F00A9804F /* FeedViewController.m */,
				62F562211ABE5A5A00DE63AC /* FeedTableViewController.h */,
				62F562221ABE5A5A00DE63AC /* FeedTableViewController.m */,
				62830C481ABE6DF500350F46 /* PhotoViewController.h */,
				62830C491ABE6DF500350F46 /* PhotoViewController.m */,
				62A2EA261ABC029D00A9804F /* FavoritesViewController.h */,
				62A2EA271ABC029D00A9804F /* FavoritesViewController.m */,
				62A2E9F71ABBC96800A9804F /* ViewController.h */,
				62A2E9F81ABBC96800A9804F /* ViewController.m */,
				62A2E9FA1ABBC96800A9804F /* Main.storyboard */,
				62A2E9FD1ABBC96800A9804F /* Images.xcassets */,
				62A2E9FF1ABBC96800A9804F /* LaunchScreen.xib */,
				62A2E9F01ABBC96800A9804F /* Supporting Files */,
			);
			path = InstaPhoto;
			sourceTree = "<group>";
		};
		62A2E9F01ABBC96800A9804F /* Supporting Files */ = {
			isa = PBXGroup;
			children = (
				62A2E9F11ABBC96800A9804F /* Info.plist */,
				62A2E9F21ABBC96800A9804F /* main.m */,
			);
			name = "Supporting Files";
			sourceTree = "<group>";
		};
		62A2EA091ABBC96800A9804F /* InstaPhotoTests */ = {
			isa = PBXGroup;
			children = (
				62A2EA0C1ABBC96800A9804F /* InstaPhotoTests.m */,
				62A2EA0A1ABBC96800A9804F /* Supporting Files */,
			);
			path = InstaPhotoTests;
			sourceTree = "<group>";
		};
		62A2EA0A1ABBC96800A9804F /* Supporting Files */ = {
			isa = PBXGroup;
			children = (
				62A2EA0B1ABBC96800A9804F /* Info.plist */,
			);
			name = "Supporting Files";
			sourceTree = "<group>";
		};
		62D3A4B11ABFAABF00946DDD /* AFNetworking */ = {
			isa = PBXGroup;
			children = (
				62D3A4B21ABFAABF00946DDD /* AFHTTPRequestOperation.h */,
				62D3A4B31ABFAABF00946DDD /* AFHTTPRequestOperation.m */,
				62D3A4B41ABFAABF00946DDD /* AFHTTPRequestOperationManager.h */,
				62D3A4B51ABFAABF00946DDD /* AFHTTPRequestOperationManager.m */,
				62D3A4B61ABFAABF00946DDD /* AFHTTPSessionManager.h */,
				62D3A4B71ABFAABF00946DDD /* AFHTTPSessionManager.m */,
				62D3A4B81ABFAABF00946DDD /* AFNetworking.h */,
				62D3A4B91ABFAABF00946DDD /* AFNetworkReachabilityManager.h */,
				62D3A4BA1ABFAABF00946DDD /* AFNetworkReachabilityManager.m */,
				62D3A4BB1ABFAABF00946DDD /* AFSecurityPolicy.h */,
				62D3A4BC1ABFAABF00946DDD /* AFSecurityPolicy.m */,
				62D3A4BD1ABFAABF00946DDD /* AFURLConnectionOperation.h */,
				62D3A4BE1ABFAABF00946DDD /* AFURLConnectionOperation.m */,
				62D3A4BF1ABFAABF00946DDD /* AFURLRequestSerialization.h */,
				62D3A4C01ABFAABF00946DDD /* AFURLRequestSerialization.m */,
				62D3A4C11ABFAABF00946DDD /* AFURLResponseSerialization.h */,
				62D3A4C21ABFAABF00946DDD /* AFURLResponseSerialization.m */,
				62D3A4C31ABFAABF00946DDD /* AFURLSessionManager.h */,
				62D3A4C41ABFAABF00946DDD /* AFURLSessionManager.m */,
			);
			path = AFNetworking;
			sourceTree = "<group>";
		};
		62D3A4CE1ABFB2AD00946DDD /* UIKit+AFNetworking */ = {
			isa = PBXGroup;
			children = (
				62D3A4CF1ABFB2AD00946DDD /* AFNetworkActivityIndicatorManager.h */,
				62D3A4D01ABFB2AD00946DDD /* AFNetworkActivityIndicatorManager.m */,
				62D3A4D11ABFB2AD00946DDD /* UIActivityIndicatorView+AFNetworking.h */,
				62D3A4D21ABFB2AD00946DDD /* UIActivityIndicatorView+AFNetworking.m */,
				62D3A4D31ABFB2AD00946DDD /* UIAlertView+AFNetworking.h */,
				62D3A4D41ABFB2AD00946DDD /* UIAlertView+AFNetworking.m */,
				62D3A4D51ABFB2AD00946DDD /* UIButton+AFNetworking.h */,
				62D3A4D61ABFB2AD00946DDD /* UIButton+AFNetworking.m */,
				62D3A4D71ABFB2AD00946DDD /* UIImageView+AFNetworking.h */,
				62D3A4D81ABFB2AD00946DDD /* UIImageView+AFNetworking.m */,
				62D3A4D91ABFB2AD00946DDD /* UIKit+AFNetworking.h */,
				62D3A4DA1ABFB2AD00946DDD /* UIProgressView+AFNetworking.h */,
				62D3A4DB1ABFB2AD00946DDD /* UIProgressView+AFNetworking.m */,
				62D3A4DC1ABFB2AD00946DDD /* UIRefreshControl+AFNetworking.h */,
				62D3A4DD1ABFB2AD00946DDD /* UIRefreshControl+AFNetworking.m */,
				62D3A4DE1ABFB2AD00946DDD /* UIWebView+AFNetworking.h */,
				62D3A4DF1ABFB2AD00946DDD /* UIWebView+AFNetworking.m */,
			);
			path = "UIKit+AFNetworking";
			sourceTree = "<group>";
		};
		62D3A4E81AC002D500946DDD /* Models */ = {
			isa = PBXGroup;
			children = (
				62D3A4EC1AC03A1600946DDD /* Profile.h */,
				62D3A4ED1AC03A1600946DDD /* Profile.m */,
				62D3A4E91AC002F200946DDD /* Photo.h */,
				62D3A4EA1AC002F200946DDD /* Photo.m */,
				62D505D61AC0F7B700402FFD /* City.h */,
				62D505D71AC0F7B700402FFD /* City.m */,
			);
			path = Models;
			sourceTree = "<group>";
		};
/* End PBXGroup section */

/* Begin PBXNativeTarget section */
		62A2E9EC1ABBC96800A9804F /* InstaPhoto */ = {
			isa = PBXNativeTarget;
			buildConfigurationList = 62A2EA101ABBC96800A9804F /* Build configuration list for PBXNativeTarget "InstaPhoto" */;
			buildPhases = (
				62A2E9E91ABBC96800A9804F /* Sources */,
				62A2E9EA1ABBC96800A9804F /* Frameworks */,
				62A2E9EB1ABBC96800A9804F /* Resources */,
			);
			buildRules = (
			);
			dependencies = (
			);
			name = InstaPhoto;
			productName = InstaPhoto;
			productReference = 62A2E9ED1ABBC96800A9804F /* InstaPhoto.app */;
			productType = "com.apple.product-type.application";
		};
		62A2EA051ABBC96800A9804F /* InstaPhotoTests */ = {
			isa = PBXNativeTarget;
			buildConfigurationList = 62A2EA131ABBC96800A9804F /* Build configuration list for PBXNativeTarget "InstaPhotoTests" */;
			buildPhases = (
				62A2EA021ABBC96800A9804F /* Sources */,
				62A2EA031ABBC96800A9804F /* Frameworks */,
				62A2EA041ABBC96800A9804F /* Resources */,
			);
			buildRules = (
			);
			dependencies = (
				62A2EA081ABBC96800A9804F /* PBXTargetDependency */,
			);
			name = InstaPhotoTests;
			productName = InstaPhotoTests;
			productReference = 62A2EA061ABBC96800A9804F /* InstaPhotoTests.xctest */;
			productType = "com.apple.product-type.bundle.unit-test";
		};
/* End PBXNativeTarget section */

/* Begin PBXProject section */
		62A2E9E51ABBC96800A9804F /* Project object */ = {
			isa = PBXProject;
			attributes = {
				LastUpgradeCheck = 0620;
				ORGANIZATIONNAME = huangzhaorong;
				TargetAttributes = {
					62A2E9EC1ABBC96800A9804F = {
						CreatedOnToolsVersion = 6.2;
					};
					62A2EA051ABBC96800A9804F = {
						CreatedOnToolsVersion = 6.2;
						TestTargetID = 62A2E9EC1ABBC96800A9804F;
					};
				};
			};
			buildConfigurationList = 62A2E9E81ABBC96800A9804F /* Build configuration list for PBXProject "InstaPhoto" */;
			compatibilityVersion = "Xcode 3.2";
			developmentRegion = English;
			hasScannedForEncodings = 0;
			knownRegions = (
				en,
				Base,
			);
			mainGroup = 62A2E9E41ABBC96800A9804F;
			productRefGroup = 62A2E9EE1ABBC96800A9804F /* Products */;
			projectDirPath = "";
			projectRoot = "";
			targets = (
				62A2E9EC1ABBC96800A9804F /* InstaPhoto */,
				62A2EA051ABBC96800A9804F /* InstaPhotoTests */,
			);
		};
/* End PBXProject section */

/* Begin PBXResourcesBuildPhase section */
		62A2E9EB1ABBC96800A9804F /* Resources */ = {
			isa = PBXResourcesBuildPhase;
			buildActionMask = 2147483647;
			files = (
				62830C6F1ABE700100350F46 /* avatar.png in Resources */,
				62830C671ABE700100350F46 /* 2.png in Resources */,
				62830C661ABE700100350F46 /* 14.png in Resources */,
				62830C601ABE700100350F46 /* 0.png in Resources */,
				62830C6E1ABE700100350F46 /* 9.png in Resources */,
				62830C701ABE700100350F46 /* tab_favorites.png in Resources */,
				62830C691ABE700100350F46 /* 4.png in Resources */,
				62830C681ABE700100350F46 /* 3.png in Resources */,
				62A2E9FC1ABBC96800A9804F /* Main.storyboard in Resources */,
				62830C651ABE700100350F46 /* 13.png in Resources */,
				62830C621ABE700100350F46 /* 10.png in Resources */,
				62830C6D1ABE700100350F46 /* 8.png in Resources */,
				62A2EA011ABBC96800A9804F /* LaunchScreen.xib in Resources */,
				62830C721ABE700100350F46 /* tab_profile.png in Resources */,
				62830C711ABE700100350F46 /* tab_feed.png in Resources */,
				62830C6B1ABE700100350F46 /* 6.png in Resources */,
				62830C641ABE700100350F46 /* 12.png in Resources */,
				62A2E9FE1ABBC96800A9804F /* Images.xcassets in Resources */,
				62830C6A1ABE700100350F46 /* 5.png in Resources */,
				62830C631ABE700100350F46 /* 11.png in Resources */,
				62830C611ABE700100350F46 /* 1.png in Resources */,
				62830C6C1ABE700100350F46 /* 7.png in Resources */,
			);
			runOnlyForDeploymentPostprocessing = 0;
		};
		62A2EA041ABBC96800A9804F /* Resources */ = {
			isa = PBXResourcesBuildPhase;
			buildActionMask = 2147483647;
			files = (
			);
			runOnlyForDeploymentPostprocessing = 0;
		};
/* End PBXResourcesBuildPhase section */

/* Begin PBXSourcesBuildPhase section */
		62A2E9E91ABBC96800A9804F /* Sources */ = {
			isa = PBXSourcesBuildPhase;
			buildActionMask = 2147483647;
			files = (
				62D3A4CD1ABFAABF00946DDD /* AFURLSessionManager.m in Sources */,
				62D3A4CA1ABFAABF00946DDD /* AFURLConnectionOperation.m in Sources */,
				62D3A4E61ABFB2AD00946DDD /* UIRefreshControl+AFNetworking.m in Sources */,
				62D3A4E31ABFB2AD00946DDD /* UIButton+AFNetworking.m in Sources */,
				62D3A4EB1AC002F200946DDD /* Photo.m in Sources */,
				62D3A4E51ABFB2AD00946DDD /* UIProgressView+AFNetworking.m in Sources */,
				62D3A4C51ABFAABF00946DDD /* AFHTTPRequestOperation.m in Sources */,
				62A2E9F91ABBC96800A9804F /* ViewController.m in Sources */,
				62D3A4E21ABFB2AD00946DDD /* UIAlertView+AFNetworking.m in Sources */,
				62D3A4C61ABFAABF00946DDD /* AFHTTPRequestOperationManager.m in Sources */,
				62830C4A1ABE6DF500350F46 /* PhotoViewController.m in Sources */,
				62A2EA251ABC021F00A9804F /* FeedViewController.m in Sources */,
				62D505DE1AC1049600402FFD /* EditNoteViewController.m in Sources */,
				62D3A4EE1AC03A1600946DDD /* Profile.m in Sources */,
				62D3A4E41ABFB2AD00946DDD /* UIImageView+AFNetworking.m in Sources */,
				62D3A4C71ABFAABF00946DDD /* AFHTTPSessionManager.m in Sources */,
				62D3A4E11ABFB2AD00946DDD /* UIActivityIndicatorView+AFNetworking.m in Sources */,
				62D3A4E01ABFB2AD00946DDD /* AFNetworkActivityIndicatorManager.m in Sources */,
				62A2EA281ABC029D00A9804F /* FavoritesViewController.m in Sources */,
				62F562231ABE5A5A00DE63AC /* FeedTableViewController.m in Sources */,
				62A2E9F61ABBC96800A9804F /* AppDelegate.m in Sources */,
				62D3A4C91ABFAABF00946DDD /* AFSecurityPolicy.m in Sources */,
				62A2EA1C1ABBEC4800A9804F /* ProfileViewController.m in Sources */,
				62D3A4CB1ABFAABF00946DDD /* AFURLRequestSerialization.m in Sources */,
				62D3A4C81ABFAABF00946DDD /* AFNetworkReachabilityManager.m in Sources */,
				62D3A4E71ABFB2AD00946DDD /* UIWebView+AFNetworking.m in Sources */,
				62D505DB1AC0FB3D00402FFD /* CityViewController.m in Sources */,
				62D3A4CC1ABFAABF00946DDD /* AFURLResponseSerialization.m in Sources */,
				62D505D81AC0F7B700402FFD /* City.m in Sources */,
				62A2E9F31ABBC96800A9804F /* main.m in Sources */,
			);
			runOnlyForDeploymentPostprocessing = 0;
		};
		62A2EA021ABBC96800A9804F /* Sources */ = {
			isa = PBXSourcesBuildPhase;
			buildActionMask = 2147483647;
			files = (
				62A2EA0D1ABBC96800A9804F /* InstaPhotoTests.m in Sources */,
			);
			runOnlyForDeploymentPostprocessing = 0;
		};
/* End PBXSourcesBuildPhase section */

/* Begin PBXTargetDependency section */
		62A2EA081ABBC96800A9804F /* PBXTargetDependency */ = {
			isa = PBXTargetDependency;
			target = 62A2E9EC1ABBC96800A9804F /* InstaPhoto */;
			targetProxy = 62A2EA071ABBC96800A9804F /* PBXContainerItemProxy */;
		};
/* End PBXTargetDependency section */

/* Begin PBXVariantGroup section */
		62A2E9FA1ABBC96800A9804F /* Main.storyboard */ = {
			isa = PBXVariantGroup;
			children = (
				62A2E9FB1ABBC96800A9804F /* Base */,
			);
			name = Main.storyboard;
			sourceTree = "<group>";
		};
		62A2E9FF1ABBC96800A9804F /* LaunchScreen.xib */ = {
			isa = PBXVariantGroup;
			children = (
				62A2EA001ABBC96800A9804F /* Base */,
			);
			name = LaunchScreen.xib;
			sourceTree = "<group>";
		};
/* End PBXVariantGroup section */

/* Begin XCBuildConfiguration section */
		62A2EA0E1ABBC96800A9804F /* Debug */ = {
			isa = XCBuildConfiguration;
			buildSettings = {
				ALWAYS_SEARCH_USER_PATHS = NO;
				CLANG_CXX_LANGUAGE_STANDARD = "gnu++0x";
				CLANG_CXX_LIBRARY = "libc++";
				CLANG_ENABLE_MODULES = YES;
				CLANG_ENABLE_OBJC_ARC = YES;
				CLANG_WARN_BOOL_CONVERSION = YES;
				CLANG_WARN_CONSTANT_CONVERSION = YES;
				CLANG_WARN_DIRECT_OBJC_ISA_USAGE = YES_ERROR;
				CLANG_WARN_EMPTY_BODY = YES;
				CLANG_WARN_ENUM_CONVERSION = YES;
				CLANG_WARN_INT_CONVERSION = YES;
				CLANG_WARN_OBJC_ROOT_CLASS = YES_ERROR;
				CLANG_WARN_UNREACHABLE_CODE = YES;
				CLANG_WARN__DUPLICATE_METHOD_MATCH = YES;
				"CODE_SIGN_IDENTITY[sdk=iphoneos*]" = "iPhone Developer";
				COPY_PHASE_STRIP = NO;
				ENABLE_STRICT_OBJC_MSGSEND = YES;
				GCC_C_LANGUAGE_STANDARD = gnu99;
				GCC_DYNAMIC_NO_PIC = NO;
				GCC_OPTIMIZATION_LEVEL = 0;
				GCC_PREPROCESSOR_DEFINITIONS = (
					"DEBUG=1",
					"$(inherited)",
				);
				GCC_SYMBOLS_PRIVATE_EXTERN = NO;
				GCC_WARN_64_TO_32_BIT_CONVERSION = YES;
				GCC_WARN_ABOUT_RETURN_TYPE = YES_ERROR;
				GCC_WARN_UNDECLARED_SELECTOR = YES;
				GCC_WARN_UNINITIALIZED_AUTOS = YES_AGGRESSIVE;
				GCC_WARN_UNUSED_FUNCTION = YES;
				GCC_WARN_UNUSED_VARIABLE = YES;
				IPHONEOS_DEPLOYMENT_TARGET = 8.2;
				MTL_ENABLE_DEBUG_INFO = YES;
				ONLY_ACTIVE_ARCH = YES;
				SDKROOT = iphoneos;
			};
			name = Debug;
		};
		62A2EA0F1ABBC96800A9804F /* Release */ = {
			isa = XCBuildConfiguration;
			buildSettings = {
				ALWAYS_SEARCH_USER_PATHS = NO;
				CLANG_CXX_LANGUAGE_STANDARD = "gnu++0x";
				CLANG_CXX_LIBRARY = "libc++";
				CLANG_ENABLE_MODULES = YES;
				CLANG_ENABLE_OBJC_ARC = YES;
				CLANG_WARN_BOOL_CONVERSION = YES;
				CLANG_WARN_CONSTANT_CONVERSION = YES;
				CLANG_WARN_DIRECT_OBJC_ISA_USAGE = YES_ERROR;
				CLANG_WARN_EMPTY_BODY = YES;
				CLANG_WARN_ENUM_CONVERSION = YES;
				CLANG_WARN_INT_CONVERSION = YES;
				CLANG_WARN_OBJC_ROOT_CLASS = YES_ERROR;
				CLANG_WARN_UNREACHABLE_CODE = YES;
				CLANG_WARN__DUPLICATE_METHOD_MATCH = YES;
				"CODE_SIGN_IDENTITY[sdk=iphoneos*]" = "iPhone Developer";
				COPY_PHASE_STRIP = NO;
				ENABLE_NS_ASSERTIONS = NO;
				ENABLE_STRICT_OBJC_MSGSEND = YES;
				GCC_C_LANGUAGE_STANDARD = gnu99;
				GCC_WARN_64_TO_32_BIT_CONVERSION = YES;
				GCC_WARN_ABOUT_RETURN_TYPE = YES_ERROR;
				GCC_WARN_UNDECLARED_SELECTOR = YES;
				GCC_WARN_UNINITIALIZED_AUTOS = YES_AGGRESSIVE;
				GCC_WARN_UNUSED_FUNCTION = YES;
				GCC_WARN_UNUSED_VARIABLE = YES;
				IPHONEOS_DEPLOYMENT_TARGET = 8.2;
				MTL_ENABLE_DEBUG_INFO = NO;
				SDKROOT = iphoneos;
				VALIDATE_PRODUCT = YES;
			};
			name = Release;
		};
		62A2EA111ABBC96800A9804F /* Debug */ = {
			isa = XCBuildConfiguration;
			buildSettings = {
				ASSETCATALOG_COMPILER_APPICON_NAME = AppIcon;
				CODE_SIGN_IDENTITY = "iPhone Developer: jianwen sun (3N9PEVP393)";
				INFOPLIST_FILE = InstaPhoto/Info.plist;
				LD_RUNPATH_SEARCH_PATHS = "$(inherited) @executable_path/Frameworks";
				PRODUCT_NAME = "$(TARGET_NAME)";
				PROVISIONING_PROFILE = "c9d8e222-6ca7-4438-b701-93a3d19f2277";
			};
			name = Debug;
		};
		62A2EA121ABBC96800A9804F /* Release */ = {
			isa = XCBuildConfiguration;
			buildSettings = {
				ASSETCATALOG_COMPILER_APPICON_NAME = AppIcon;
				CODE_SIGN_IDENTITY = "iPhone Developer: jianwen sun (3N9PEVP393)";
				INFOPLIST_FILE = InstaPhoto/Info.plist;
				LD_RUNPATH_SEARCH_PATHS = "$(inherited) @executable_path/Frameworks";
				PRODUCT_NAME = "$(TARGET_NAME)";
				PROVISIONING_PROFILE = "c9d8e222-6ca7-4438-b701-93a3d19f2277";
			};
			name = Release;
		};
		62A2EA141ABBC96800A9804F /* Debug */ = {
			isa = XCBuildConfiguration;
			buildSettings = {
				BUNDLE_LOADER = "$(TEST_HOST)";
				FRAMEWORK_SEARCH_PATHS = (
					"$(SDKROOT)/Developer/Library/Frameworks",
					"$(inherited)",
				);
				GCC_PREPROCESSOR_DEFINITIONS = (
					"DEBUG=1",
					"$(inherited)",
				);
				INFOPLIST_FILE = InstaPhotoTests/Info.plist;
				LD_RUNPATH_SEARCH_PATHS = "$(inherited) @executable_path/Frameworks @loader_path/Frameworks";
				PRODUCT_NAME = "$(TARGET_NAME)";
				TEST_HOST = "$(BUILT_PRODUCTS_DIR)/InstaPhoto.app/InstaPhoto";
			};
			name = Debug;
		};
		62A2EA151ABBC96800A9804F /* Release */ = {
			isa = XCBuildConfiguration;
			buildSettings = {
				BUNDLE_LOADER = "$(TEST_HOST)";
				FRAMEWORK_SEARCH_PATHS = (
					"$(SDKROOT)/Developer/Library/Frameworks",
					"$(inherited)",
				);
				INFOPLIST_FILE = InstaPhotoTests/Info.plist;
				LD_RUNPATH_SEARCH_PATHS = "$(inherited) @executable_path/Frameworks @loader_path/Frameworks";
				PRODUCT_NAME = "$(TARGET_NAME)";
				TEST_HOST = "$(BUILT_PRODUCTS_DIR)/InstaPhoto.app/InstaPhoto";
			};
			name = Release;
		};
/* End XCBuildConfiguration section */

/* Begin XCConfigurationList section */
		62A2E9E81ABBC96800A9804F /* Build configuration list for PBXProject "InstaPhoto" */ = {
			isa = XCConfigurationList;
			buildConfigurations = (
				62A2EA0E1ABBC96800A9804F /* Debug */,
				62A2EA0F1ABBC96800A9804F /* Release */,
			);
			defaultConfigurationIsVisible = 0;
			defaultConfigurationName = Release;
		};
		62A2EA101ABBC96800A9804F /* Build configuration list for PBXNativeTarget "InstaPhoto" */ = {
			isa = XCConfigurationList;
			buildConfigurations = (
				62A2EA111ABBC96800A9804F /* Debug */,
				62A2EA121ABBC96800A9804F /* Release */,
			);
			defaultConfigurationIsVisible = 0;
			defaultConfigurationName = Release;
		};
		62A2EA131ABBC96800A9804F /* Build configuration list for PBXNativeTarget "InstaPhotoTests" */ = {
			isa = XCConfigurationList;
			buildConfigurations = (
				62A2EA141ABBC96800A9804F /* Debug */,
				62A2EA151ABBC96800A9804F /* Release */,
			);
			defaultConfigurationIsVisible = 0;
			defaultConfigurationName = Release;
		};
/* End XCConfigurationList section */
	};
	rootObject = 62A2E9E51ABBC96800A9804F /* Project object */;
}
